
Microsoft Visual Studio Solution File, Format Version 12.00
# Visual Studio Version 17
VisualStudioVersion = 17.9.34728.123
MinimumVisualStudioVersion = 10.0.40219.1
Project("{9A19103F-16F7-4668-BE54-9A1E7A4F7556}") = "RequestAndSharePosition", "RequestAndSharePosition\RequestAndSharePosition.csproj", "{5D1828B4-5A4F-4044-98A3-23AAC4BB4F98}"
EndProject
Project("{9A19103F-16F7-4668-BE54-9A1E7A4F7556}") = "RequestAndSharePosition.Shared", "RequestAndSharePosition.Shared\RequestAndSharePosition.Shared.csproj", "{A35DE2E9-7D94-4396-95E6-19B4261594C0}"
EndProject
Global
	GlobalSection(SolutionConfigurationPlatforms) = preSolution
		Debug|Any CPU = Debug|Any CPU
		Release|Any CPU = Release|Any CPU
	EndGlobalSection
	GlobalSection(ProjectConfigurationPlatforms) = postSolution
		{5D1828B4-5A4F-4044-98A3-23AAC4BB4F98}.Debug|Any CPU.ActiveCfg = Debug|Any CPU
		{5D1828B4-5A4F-4044-98A3-23AAC4BB4F98}.Debug|Any CPU.Build.0 = Debug|Any CPU
		{5D1828B4-5A4F-4044-98A3-23AAC4BB4F98}.Release|Any CPU.ActiveCfg = Release|Any CPU
		{5D1828B4-5A4F-4044-98A3-23AAC4BB4F98}.Release|Any CPU.Build.0 = Release|Any CPU
		{A35DE2E9-7D94-4396-95E6-19B4261594C0}.Debug|Any CPU.ActiveCfg = Debug|Any CPU
		{A35DE2E9-7D94-4396-95E6-19B4261594C0}.Debug|Any CPU.Build.0 = Debug|Any CPU
		{A35DE2E9-7D94-4396-95E6-19B4261594C0}.Release|Any CPU.ActiveCfg = Release|Any CPU
		{A35DE2E9-7D94-4396-95E6-19B4261594C0}.Release|Any CPU.Build.0 = Release|Any CPU
	EndGlobalSection
	GlobalSection(SolutionProperties) = preSolution
		HideSolutionNode = FALSE
	EndGlobalSection
	GlobalSection(ExtensibilityGlobals) = postSolution
		SolutionGuid = {51611F8B-79AF-44A9-904E-5CEE8459FC0A}
	EndGlobalSection
EndGlobal
